// !$*UTF8*$!
{
	archiveVersion = 1;
	classes = {
	};
	objectVersion = 50;
	objects = {

/* Begin PBXBuildFile section */
		0DA28DAA602C4D844E882B69 /* MainPageView.swift in Sources */ = {isa = PBXBuildFile; fileRef = AFECFF27DEE773B90A8CCBF2 /* MainPageView.swift */; };
		0F12ED140074CB07433FBD94 /* StringScheme.swift in Sources */ = {isa = PBXBuildFile; fileRef = 0182786D68877396FE7120D3 /* StringScheme.swift */; };
		115C4A7A54EA6BA237628FBF /* MathOneView.swift in Sources */ = {isa = PBXBuildFile; fileRef = 16DC1DF821D7B5D171E63D30 /* MathOneView.swift */; };
		17E75FFC8D5050DEB93A51E2 /* FontScheme.swift in Sources */ = {isa = PBXBuildFile; fileRef = 6D7B230D4211D74276246E4F /* FontScheme.swift */; };
		26D6FD16D2D015A7DEF1852B /* Stackvector1Cell.swift in Sources */ = {isa = PBXBuildFile; fileRef = 829BACE7B429C74E0F5E4BC1 /* Stackvector1Cell.swift */; };
		2C081CA3AFB837E838913980 /* MathViewModel.swift in Sources */ = {isa = PBXBuildFile; fileRef = 6577164E63BA4CEDE0BC8C68 /* MathViewModel.swift */; };
		329325DC7953C94221E8B85A /* SplashpageView.swift in Sources */ = {isa = PBXBuildFile; fileRef = 63F37D6407AF5C638B856CFB /* SplashpageView.swift */; };
		3607BF6919A7D9B6BE8C88DB /* ColorConstants.swift in Sources */ = {isa = PBXBuildFile; fileRef = A2E537EEA952B0A15A826ABA /* ColorConstants.swift */; };
		361E30ECB19ACB00E91F83B4 /* PickobjectiveViewModel.swift in Sources */ = {isa = PBXBuildFile; fileRef = 9BD09739854EC60208BD7FBF /* PickobjectiveViewModel.swift */; };
		3791DD4AE60F0DD2953A5282 /* HamburgerMenuViewModel.swift in Sources */ = {isa = PBXBuildFile; fileRef = D8A3BAAFDC91DD93254A724C /* HamburgerMenuViewModel.swift */; };
		4668D77B7AD5B0D0E2DE7CD8 /* StackvectorCell.swift in Sources */ = {isa = PBXBuildFile; fileRef = 5EBFCA0020039DFF6E597CE1 /* StackvectorCell.swift */; };
		4BB6AD75C77954B56838AE2D /* MathTwoViewModel.swift in Sources */ = {isa = PBXBuildFile; fileRef = 5734A194D988F442DBBE6087 /* MathTwoViewModel.swift */; };
		4EB02A84D78EC86790F3191A /* Stackvector3Cell.swift in Sources */ = {isa = PBXBuildFile; fileRef = C3CD38C12863DB8C76140711 /* Stackvector3Cell.swift */; };
		5C441628F7D09230EA6C210E /* PoppinsBold.ttf in Resources */ = {isa = PBXBuildFile; fileRef = 6665E436F8E1DEE1D09B1446 /* PoppinsBold.ttf */; };
		5FF0989FB1EB3DB3C5F0B33B /* MainPageViewModel.swift in Sources */ = {isa = PBXBuildFile; fileRef = E8B919CC797AD072EC66979A /* MainPageViewModel.swift */; };
		650F3D5E2E6A3AB344152F01 /* SplashpageViewModel.swift in Sources */ = {isa = PBXBuildFile; fileRef = 05A83D21FC7563CD8FEF4392 /* SplashpageViewModel.swift */; };
		73D95BA5C1F1F5EC69910EBD /* HamburgerMenuView.swift in Sources */ = {isa = PBXBuildFile; fileRef = AAF26D041EED9EBBE8E745EA /* HamburgerMenuView.swift */; };
		7F44DBA127422A5D00171570 /* ActivityLoader.swift in Sources */ = {isa = PBXBuildFile; fileRef = 7F44DBA027422A5D00171570 /* ActivityLoader.swift */; };
		8136B6A4654F04B2ABA68989 /* Stackvector2Cell.swift in Sources */ = {isa = PBXBuildFile; fileRef = 4B24331C681AC697071B9849 /* Stackvector2Cell.swift */; };
		884F3E5127B0E65A00963FC4 /* RoundedCornersView.swift in Sources */ = {isa = PBXBuildFile; fileRef = 884F3E5027B0E65A00963FC4 /* RoundedCornersView.swift */; };
		8853052627718DC500B04E6F /* ViewExtension.swift in Sources */ = {isa = PBXBuildFile; fileRef = 8853052527718DC500B04E6F /* ViewExtension.swift */; };
		8853052A27718E2D00B04E6F /* EncodableExtension.swift in Sources */ = {isa = PBXBuildFile; fileRef = 8853052927718E2D00B04E6F /* EncodableExtension.swift */; };
		8853052C2771949600B04E6F /* UINavigationController.swift in Sources */ = {isa = PBXBuildFile; fileRef = 8853052B2771949600B04E6F /* UINavigationController.swift */; };
		88680D1C2775C601002E964F /* ViewportHelper.swift in Sources */ = {isa = PBXBuildFile; fileRef = 88680D1B2775C601002E964F /* ViewportHelper.swift */; };
		888CB47527686A000041116C /* APIExtensions.swift in Sources */ = {isa = PBXBuildFile; fileRef = 888CB47427686A000041116C /* APIExtensions.swift */; };
		88ED74EC272FFE6F0088E3EF /* Assets.xcassets in Resources */ = {isa = PBXBuildFile; fileRef = 88ED74EB272FFE6F0088E3EF /* Assets.xcassets */; };
		88ED74EF272FFE6F0088E3EF /* Preview Assets.xcassets in Resources */ = {isa = PBXBuildFile; fileRef = 88ED74EE272FFE6F0088E3EF /* Preview Assets.xcassets */; };
		88ED7500272FFECA0088E3EF /* Utilities.swift in Sources */ = {isa = PBXBuildFile; fileRef = 88ED74F7272FFECA0088E3EF /* Utilities.swift */; };
		88ED7501272FFECA0088E3EF /* AppConstants.swift in Sources */ = {isa = PBXBuildFile; fileRef = 88ED74F9272FFECA0088E3EF /* AppConstants.swift */; };
		88ED7503272FFECA0088E3EF /* APIManager.swift in Sources */ = {isa = PBXBuildFile; fileRef = 88ED74FD272FFECA0088E3EF /* APIManager.swift */; };
		88ED7504272FFECA0088E3EF /* SuperskillsApp.swift in Sources */ = {isa = PBXBuildFile; fileRef = 88ED74FF272FFECA0088E3EF /* SuperskillsApp.swift */; };
		997441E7656D3F3547810D37 /* MathView.swift in Sources */ = {isa = PBXBuildFile; fileRef = 7245C7B255B800CC8E36FF7A /* MathView.swift */; };
		9D0CFBE7F91DFCC6ED11F221 /* LoginPageView.swift in Sources */ = {isa = PBXBuildFile; fileRef = 9236CF0CDB2A222E6FC23AA1 /* LoginPageView.swift */; };
		A5D1DEF735009BDD1B78CDA4 /* GoogleAuthentication.swift in Sources */ = {isa = PBXBuildFile; fileRef = 51CA05B430D8AD3BD29619EC /* GoogleAuthentication.swift */; };
		C40AB9F82754D79E006BC5D7 /* AppDelegate.swift in Sources */ = {isa = PBXBuildFile; fileRef = C40AB9F72754D79E006BC5D7 /* AppDelegate.swift */; };
		C6A91FE0F9F939B7E6134761 /* PoppinsRegular.ttf in Resources */ = {isa = PBXBuildFile; fileRef = 6BBD1818139FB68E1768FD8B /* PoppinsRegular.ttf */; };
		D7C5E1E028B76D502DA211BF /* PoppinsLight.ttf in Resources */ = {isa = PBXBuildFile; fileRef = 27ADD214DA2CDBB9900741AE /* PoppinsLight.ttf */; };
		D8F5AA8B1596BE837273EF44 /* MathTwoView.swift in Sources */ = {isa = PBXBuildFile; fileRef = 550691D95EF25147E22F63B9 /* MathTwoView.swift */; };
		DC2961AFFA08F3F37BF63210 /* PickobjectiveView.swift in Sources */ = {isa = PBXBuildFile; fileRef = CAE87D25762328E49BCADCC1 /* PickobjectiveView.swift */; };
		DD040B0D5D5394D0DB55046D /* LoginPageViewModel.swift in Sources */ = {isa = PBXBuildFile; fileRef = 64B88C5F2E8B56E001915014 /* LoginPageViewModel.swift */; };
		E001CE86435CBAFA1FA8373A /* MathOneViewModel.swift in Sources */ = {isa = PBXBuildFile; fileRef = C3E9B74E94D9B0BDA783086F /* MathOneViewModel.swift */; };
/* End PBXBuildFile section */

/* Begin PBXFileReference section */
		0182786D68877396FE7120D3 /* StringScheme.swift */ = {isa = PBXFileReference; includeInIndex = 1; lastKnownFileType = sourcecode.swift; path = StringScheme.swift; sourceTree = "<group>"; };
		05A83D21FC7563CD8FEF4392 /* SplashpageViewModel.swift */ = {isa = PBXFileReference; includeInIndex = 1; lastKnownFileType = sourcecode.swift; path = SplashpageViewModel.swift; sourceTree = "<group>"; };
		16DC1DF821D7B5D171E63D30 /* MathOneView.swift */ = {isa = PBXFileReference; includeInIndex = 1; lastKnownFileType = sourcecode.swift; path = MathOneView.swift; sourceTree = "<group>"; };
		27ADD214DA2CDBB9900741AE /* PoppinsLight.ttf */ = {isa = PBXFileReference; includeInIndex = 1; path = PoppinsLight.ttf; sourceTree = "<group>"; };
		4B24331C681AC697071B9849 /* Stackvector2Cell.swift */ = {isa = PBXFileReference; includeInIndex = 1; lastKnownFileType = sourcecode.swift; path = Stackvector2Cell.swift; sourceTree = "<group>"; };
		51CA05B430D8AD3BD29619EC /* GoogleAuthentication.swift */ = {isa = PBXFileReference; includeInIndex = 1; lastKnownFileType = sourcecode.swift; path = GoogleAuthentication.swift; sourceTree = "<group>"; };
		550691D95EF25147E22F63B9 /* MathTwoView.swift */ = {isa = PBXFileReference; includeInIndex = 1; lastKnownFileType = sourcecode.swift; path = MathTwoView.swift; sourceTree = "<group>"; };
		5734A194D988F442DBBE6087 /* MathTwoViewModel.swift */ = {isa = PBXFileReference; includeInIndex = 1; lastKnownFileType = sourcecode.swift; path = MathTwoViewModel.swift; sourceTree = "<group>"; };
		5EBFCA0020039DFF6E597CE1 /* StackvectorCell.swift */ = {isa = PBXFileReference; includeInIndex = 1; lastKnownFileType = sourcecode.swift; path = StackvectorCell.swift; sourceTree = "<group>"; };
		63F37D6407AF5C638B856CFB /* SplashpageView.swift */ = {isa = PBXFileReference; includeInIndex = 1; lastKnownFileType = sourcecode.swift; path = SplashpageView.swift; sourceTree = "<group>"; };
		64B88C5F2E8B56E001915014 /* LoginPageViewModel.swift */ = {isa = PBXFileReference; includeInIndex = 1; lastKnownFileType = sourcecode.swift; path = LoginPageViewModel.swift; sourceTree = "<group>"; };
		6577164E63BA4CEDE0BC8C68 /* MathViewModel.swift */ = {isa = PBXFileReference; includeInIndex = 1; lastKnownFileType = sourcecode.swift; path = MathViewModel.swift; sourceTree = "<group>"; };
		6665E436F8E1DEE1D09B1446 /* PoppinsBold.ttf */ = {isa = PBXFileReference; includeInIndex = 1; path = PoppinsBold.ttf; sourceTree = "<group>"; };
		6BBD1818139FB68E1768FD8B /* PoppinsRegular.ttf */ = {isa = PBXFileReference; includeInIndex = 1; path = PoppinsRegular.ttf; sourceTree = "<group>"; };
		6D7B230D4211D74276246E4F /* FontScheme.swift */ = {isa = PBXFileReference; includeInIndex = 1; lastKnownFileType = sourcecode.swift; path = FontScheme.swift; sourceTree = "<group>"; };
		7245C7B255B800CC8E36FF7A /* MathView.swift */ = {isa = PBXFileReference; includeInIndex = 1; lastKnownFileType = sourcecode.swift; path = MathView.swift; sourceTree = "<group>"; };
		7F44DBA027422A5D00171570 /* ActivityLoader.swift */ = {isa = PBXFileReference; lastKnownFileType = sourcecode.swift; path = ActivityLoader.swift; sourceTree = "<group>"; };
		829BACE7B429C74E0F5E4BC1 /* Stackvector1Cell.swift */ = {isa = PBXFileReference; includeInIndex = 1; lastKnownFileType = sourcecode.swift; path = Stackvector1Cell.swift; sourceTree = "<group>"; };
		884F3E5027B0E65A00963FC4 /* RoundedCornersView.swift */ = {isa = PBXFileReference; lastKnownFileType = sourcecode.swift; path = RoundedCornersView.swift; sourceTree = "<group>"; };
		8853052527718DC500B04E6F /* ViewExtension.swift */ = {isa = PBXFileReference; lastKnownFileType = sourcecode.swift; path = ViewExtension.swift; sourceTree = "<group>"; };
		8853052927718E2D00B04E6F /* EncodableExtension.swift */ = {isa = PBXFileReference; lastKnownFileType = sourcecode.swift; path = EncodableExtension.swift; sourceTree = "<group>"; };
		8853052B2771949600B04E6F /* UINavigationController.swift */ = {isa = PBXFileReference; fileEncoding = 4; lastKnownFileType = sourcecode.swift; path = UINavigationController.swift; sourceTree = "<group>"; };
		88680D1B2775C601002E964F /* ViewportHelper.swift */ = {isa = PBXFileReference; lastKnownFileType = sourcecode.swift; path = ViewportHelper.swift; sourceTree = "<group>"; };
		888CB47427686A000041116C /* APIExtensions.swift */ = {isa = PBXFileReference; lastKnownFileType = sourcecode.swift; path = APIExtensions.swift; sourceTree = "<group>"; };
		88ED74E4272FFE6E0088E3EF /* Superskills.app */ = {isa = PBXFileReference; explicitFileType = wrapper.application; includeInIndex = 0; path = Superskills.app; sourceTree = BUILT_PRODUCTS_DIR; };
		88ED74EB272FFE6F0088E3EF /* Assets.xcassets */ = {isa = PBXFileReference; lastKnownFileType = folder.assetcatalog; path = Assets.xcassets; sourceTree = "<group>"; };
		88ED74EE272FFE6F0088E3EF /* Preview Assets.xcassets */ = {isa = PBXFileReference; lastKnownFileType = folder.assetcatalog; path = "Preview Assets.xcassets"; sourceTree = "<group>"; };
		88ED74F0272FFE6F0088E3EF /* Info.plist */ = {isa = PBXFileReference; lastKnownFileType = text.plist.xml; path = Info.plist; sourceTree = "<group>"; };
		88ED74F7272FFECA0088E3EF /* Utilities.swift */ = {isa = PBXFileReference; fileEncoding = 4; lastKnownFileType = sourcecode.swift; path = Utilities.swift; sourceTree = "<group>"; };
		88ED74F9272FFECA0088E3EF /* AppConstants.swift */ = {isa = PBXFileReference; fileEncoding = 4; lastKnownFileType = sourcecode.swift; path = AppConstants.swift; sourceTree = "<group>"; };
		88ED74FD272FFECA0088E3EF /* APIManager.swift */ = {isa = PBXFileReference; fileEncoding = 4; lastKnownFileType = sourcecode.swift; path = APIManager.swift; sourceTree = "<group>"; };
		88ED74FF272FFECA0088E3EF /* SuperskillsApp.swift */ = {isa = PBXFileReference; fileEncoding = 4; lastKnownFileType = sourcecode.swift; path = SuperskillsApp.swift; sourceTree = "<group>"; };
		9236CF0CDB2A222E6FC23AA1 /* LoginPageView.swift */ = {isa = PBXFileReference; includeInIndex = 1; lastKnownFileType = sourcecode.swift; path = LoginPageView.swift; sourceTree = "<group>"; };
		9BD09739854EC60208BD7FBF /* PickobjectiveViewModel.swift */ = {isa = PBXFileReference; includeInIndex = 1; lastKnownFileType = sourcecode.swift; path = PickobjectiveViewModel.swift; sourceTree = "<group>"; };
		A2E537EEA952B0A15A826ABA /* ColorConstants.swift */ = {isa = PBXFileReference; includeInIndex = 1; lastKnownFileType = sourcecode.swift; path = ColorConstants.swift; sourceTree = "<group>"; };
		AAF26D041EED9EBBE8E745EA /* HamburgerMenuView.swift */ = {isa = PBXFileReference; includeInIndex = 1; lastKnownFileType = sourcecode.swift; path = HamburgerMenuView.swift; sourceTree = "<group>"; };
		AFECFF27DEE773B90A8CCBF2 /* MainPageView.swift */ = {isa = PBXFileReference; includeInIndex = 1; lastKnownFileType = sourcecode.swift; path = MainPageView.swift; sourceTree = "<group>"; };
		C3CD38C12863DB8C76140711 /* Stackvector3Cell.swift */ = {isa = PBXFileReference; includeInIndex = 1; lastKnownFileType = sourcecode.swift; path = Stackvector3Cell.swift; sourceTree = "<group>"; };
		C3E9B74E94D9B0BDA783086F /* MathOneViewModel.swift */ = {isa = PBXFileReference; includeInIndex = 1; lastKnownFileType = sourcecode.swift; path = MathOneViewModel.swift; sourceTree = "<group>"; };
		C40AB9F72754D79E006BC5D7 /* AppDelegate.swift */ = {isa = PBXFileReference; fileEncoding = 4; lastKnownFileType = sourcecode.swift; path = AppDelegate.swift; sourceTree = "<group>"; };
		CAE87D25762328E49BCADCC1 /* PickobjectiveView.swift */ = {isa = PBXFileReference; includeInIndex = 1; lastKnownFileType = sourcecode.swift; path = PickobjectiveView.swift; sourceTree = "<group>"; };
		D8A3BAAFDC91DD93254A724C /* HamburgerMenuViewModel.swift */ = {isa = PBXFileReference; includeInIndex = 1; lastKnownFileType = sourcecode.swift; path = HamburgerMenuViewModel.swift; sourceTree = "<group>"; };
		E8B919CC797AD072EC66979A /* MainPageViewModel.swift */ = {isa = PBXFileReference; includeInIndex = 1; lastKnownFileType = sourcecode.swift; path = MainPageViewModel.swift; sourceTree = "<group>"; };
/* End PBXFileReference section */

/* Begin PBXFrameworksBuildPhase section */
		88ED74E1272FFE6E0088E3EF /* Frameworks */ = {
			isa = PBXFrameworksBuildPhase;
			buildActionMask = 2147483647;
			files = (
			);
			runOnlyForDeploymentPostprocessing = 0;
		};
/* End PBXFrameworksBuildPhase section */

/* Begin PBXGroup section */
		129E563465521DCF418BFBD7 /* Resources */ = {
			isa = PBXGroup;
			children = (
				E5EED11ED9F65EA87D30382B /* Fonts */,
			);
			name = Resources;
			path = Resources;
			sourceTree = "<group>";
		};
		232DE11A54DED7BF7724C598 /* MathView */ = {
			isa = PBXGroup;
			children = (
				7245C7B255B800CC8E36FF7A /* MathView.swift */,
				A5CB718BB1360E30290C586E /* Cell */,
				6577164E63BA4CEDE0BC8C68 /* MathViewModel.swift */,
			);
			name = MathView;
			path = MathView;
			sourceTree = "<group>";
		};
		41A98D3B46B3F2751138A32B /* Views */ = {
			isa = PBXGroup;
			children = (
				CB5B79893C8E2F2CE268CACF /* SplashpageView */,
				EDC1A1AFF923E8D90C4A1832 /* LoginPageView */,
				4A8E3AF6158E870178650F4E /* MainPageView */,
				6CE9C1B646169E04ADD78E5A /* HamburgerMenuView */,
				C094707694D8C49E9217D662 /* PickobjectiveView */,
				232DE11A54DED7BF7724C598 /* MathView */,
				FBBA793260D31F4F48F8BA85 /* MathTwoView */,
				E4DF462A655E90C65D86A97F /* MathOneView */,
			);
			name = Views;
			path = Views;
			sourceTree = "<group>";
		};
		4A8E3AF6158E870178650F4E /* MainPageView */ = {
			isa = PBXGroup;
			children = (
				AFECFF27DEE773B90A8CCBF2 /* MainPageView.swift */,
				E8B919CC797AD072EC66979A /* MainPageViewModel.swift */,
			);
			name = MainPageView;
			path = MainPageView;
			sourceTree = "<group>";
		};
		6CE9C1B646169E04ADD78E5A /* HamburgerMenuView */ = {
			isa = PBXGroup;
			children = (
				AAF26D041EED9EBBE8E745EA /* HamburgerMenuView.swift */,
				D8A3BAAFDC91DD93254A724C /* HamburgerMenuViewModel.swift */,
			);
			name = HamburgerMenuView;
			path = HamburgerMenuView;
			sourceTree = "<group>";
		};
		7F44DB9E27422A4200171570 /* Helper */ = {
			isa = PBXGroup;
			children = (
				88680D1A2775C5BD002E964F /* Viewport */,
				7F44DB9F27422A4200171570 /* ActivityLoader */,
				DE68E8DF4FA97C926AB26564 /* GoogleAuthentication */,
			);
			path = Helper;
			sourceTree = "<group>";
		};
		7F44DB9F27422A4200171570 /* ActivityLoader */ = {
			isa = PBXGroup;
			children = (
				7F44DBA027422A5D00171570 /* ActivityLoader.swift */,
			);
			path = ActivityLoader;
			sourceTree = "<group>";
		};
		872DFE33E9B58DFF69BD03F0 /* CustomViews */ = {
			isa = PBXGroup;
			children = (
			);
			name = CustomViews;
			path = CustomViews;
			sourceTree = "<group>";
		};
		88680D1A2775C5BD002E964F /* Viewport */ = {
			isa = PBXGroup;
			children = (
				88680D1B2775C601002E964F /* ViewportHelper.swift */,
			);
			path = Viewport;
			sourceTree = "<group>";
		};
		88ED74DB272FFE6E0088E3EF = {
			isa = PBXGroup;
			children = (
				88ED74E6272FFE6E0088E3EF /* Superskills */,
				88ED74E5272FFE6E0088E3EF /* Products */,
			);
			sourceTree = "<group>";
		};
		88ED74E5272FFE6E0088E3EF /* Products */ = {
			isa = PBXGroup;
			children = (
				88ED74E4272FFE6E0088E3EF /* Superskills.app */,
			);
			name = Products;
			sourceTree = "<group>";
		};
		88ED74E6272FFE6E0088E3EF /* Superskills */ = {
			isa = PBXGroup;
			children = (
				88ED74FC272FFECA0088E3EF /* Services */,
				88ED74FE272FFECA0088E3EF /* Application */,
				88ED74F8272FFECA0088E3EF /* Constants */,
				88ED74FA272FFECA0088E3EF /* Extensions */,
				88ED74F6272FFECA0088E3EF /* Utilities */,
				7F44DB9E27422A4200171570 /* Helper */,
				88ED74EB272FFE6F0088E3EF /* Assets.xcassets */,
				88ED74F0272FFE6F0088E3EF /* Info.plist */,
				88ED74ED272FFE6F0088E3EF /* Preview Content */,
				129E563465521DCF418BFBD7 /* Resources */,
				41A98D3B46B3F2751138A32B /* Views */,
				872DFE33E9B58DFF69BD03F0 /* CustomViews */,
			);
			path = Superskills;
			sourceTree = "<group>";
		};
		88ED74ED272FFE6F0088E3EF /* Preview Content */ = {
			isa = PBXGroup;
			children = (
				88ED74EE272FFE6F0088E3EF /* Preview Assets.xcassets */,
			);
			path = "Preview Content";
			sourceTree = "<group>";
		};
		88ED74F6272FFECA0088E3EF /* Utilities */ = {
			isa = PBXGroup;
			children = (
				88ED74F7272FFECA0088E3EF /* Utilities.swift */,
			);
			path = Utilities;
			sourceTree = "<group>";
		};
		88ED74F8272FFECA0088E3EF /* Constants */ = {
			isa = PBXGroup;
			children = (
				88ED74F9272FFECA0088E3EF /* AppConstants.swift */,
				0182786D68877396FE7120D3 /* StringScheme.swift */,
				A2E537EEA952B0A15A826ABA /* ColorConstants.swift */,
				6D7B230D4211D74276246E4F /* FontScheme.swift */,
			);
			path = Constants;
			sourceTree = "<group>";
		};
		88ED74FA272FFECA0088E3EF /* Extensions */ = {
			isa = PBXGroup;
			children = (
				888CB47427686A000041116C /* APIExtensions.swift */,
				8853052527718DC500B04E6F /* ViewExtension.swift */,
				8853052B2771949600B04E6F /* UINavigationController.swift */,
				8853052927718E2D00B04E6F /* EncodableExtension.swift */,
				884F3E5027B0E65A00963FC4 /* RoundedCornersView.swift */,
			);
			path = Extensions;
			sourceTree = "<group>";
		};
		88ED74FC272FFECA0088E3EF /* Services */ = {
			isa = PBXGroup;
			children = (
				88ED74FD272FFECA0088E3EF /* APIManager.swift */,
			);
			path = Services;
			sourceTree = "<group>";
		};
		88ED74FE272FFECA0088E3EF /* Application */ = {
			isa = PBXGroup;
			children = (
				C40AB9F72754D79E006BC5D7 /* AppDelegate.swift */,
				88ED74FF272FFECA0088E3EF /* SuperskillsApp.swift */,
			);
			path = Application;
			sourceTree = "<group>";
		};
		96CF38F12DCE9715313184E2 /* Cell */ = {
			isa = PBXGroup;
			children = (
				C3CD38C12863DB8C76140711 /* Stackvector3Cell.swift */,
			);
			name = Cell;
			path = Cell;
			sourceTree = "<group>";
		};
		A09E20B8CCD3176C5913A89C /* Cell */ = {
			isa = PBXGroup;
			children = (
				5EBFCA0020039DFF6E597CE1 /* StackvectorCell.swift */,
			);
			name = Cell;
			path = Cell;
			sourceTree = "<group>";
		};
		A5CB718BB1360E30290C586E /* Cell */ = {
			isa = PBXGroup;
			children = (
				829BACE7B429C74E0F5E4BC1 /* Stackvector1Cell.swift */,
			);
			name = Cell;
			path = Cell;
			sourceTree = "<group>";
		};
		B93F667C7027795D97E6CF6B /* Cell */ = {
			isa = PBXGroup;
			children = (
				4B24331C681AC697071B9849 /* Stackvector2Cell.swift */,
			);
			name = Cell;
			path = Cell;
			sourceTree = "<group>";
		};
		C094707694D8C49E9217D662 /* PickobjectiveView */ = {
			isa = PBXGroup;
			children = (
				CAE87D25762328E49BCADCC1 /* PickobjectiveView.swift */,
				A09E20B8CCD3176C5913A89C /* Cell */,
				9BD09739854EC60208BD7FBF /* PickobjectiveViewModel.swift */,
			);
			name = PickobjectiveView;
			path = PickobjectiveView;
			sourceTree = "<group>";
		};
		CB5B79893C8E2F2CE268CACF /* SplashpageView */ = {
			isa = PBXGroup;
			children = (
				63F37D6407AF5C638B856CFB /* SplashpageView.swift */,
				05A83D21FC7563CD8FEF4392 /* SplashpageViewModel.swift */,
			);
			name = SplashpageView;
			path = SplashpageView;
			sourceTree = "<group>";
		};
		DE68E8DF4FA97C926AB26564 /* GoogleAuthentication */ = {
			isa = PBXGroup;
			children = (
				51CA05B430D8AD3BD29619EC /* GoogleAuthentication.swift */,
			);
			name = GoogleAuthentication;
			path = GoogleAuthentication;
			sourceTree = "<group>";
		};
		E4DF462A655E90C65D86A97F /* MathOneView */ = {
			isa = PBXGroup;
			children = (
				16DC1DF821D7B5D171E63D30 /* MathOneView.swift */,
				96CF38F12DCE9715313184E2 /* Cell */,
				C3E9B74E94D9B0BDA783086F /* MathOneViewModel.swift */,
			);
			name = MathOneView;
			path = MathOneView;
			sourceTree = "<group>";
		};
		E5EED11ED9F65EA87D30382B /* Fonts */ = {
			isa = PBXGroup;
			children = (
				6665E436F8E1DEE1D09B1446 /* PoppinsBold.ttf */,
				6BBD1818139FB68E1768FD8B /* PoppinsRegular.ttf */,
				27ADD214DA2CDBB9900741AE /* PoppinsLight.ttf */,
			);
			name = Fonts;
			path = Fonts;
			sourceTree = "<group>";
		};
		EDC1A1AFF923E8D90C4A1832 /* LoginPageView */ = {
			isa = PBXGroup;
			children = (
				9236CF0CDB2A222E6FC23AA1 /* LoginPageView.swift */,
				64B88C5F2E8B56E001915014 /* LoginPageViewModel.swift */,
			);
			name = LoginPageView;
			path = LoginPageView;
			sourceTree = "<group>";
		};
		FBBA793260D31F4F48F8BA85 /* MathTwoView */ = {
			isa = PBXGroup;
			children = (
				550691D95EF25147E22F63B9 /* MathTwoView.swift */,
				B93F667C7027795D97E6CF6B /* Cell */,
				5734A194D988F442DBBE6087 /* MathTwoViewModel.swift */,
			);
			name = MathTwoView;
			path = MathTwoView;
			sourceTree = "<group>";
		};
/* End PBXGroup section */

/* Begin PBXNativeTarget section */
		88ED74E3272FFE6E0088E3EF /* Superskills */ = {
			isa = PBXNativeTarget;
			buildConfigurationList = 88ED74F3272FFE6F0088E3EF /* Build configuration list for PBXNativeTarget "Superskills" */;
			buildPhases = (
				88ED74E0272FFE6E0088E3EF /* Sources */,
				88ED74E1272FFE6E0088E3EF /* Frameworks */,
				88ED74E2272FFE6E0088E3EF /* Resources */,
			);
			buildRules = (
			);
			dependencies = (
			);
			name = Superskills;
			productName = Superskills;
			productReference = 88ED74E4272FFE6E0088E3EF /* Superskills.app */;
			productType = "com.apple.product-type.application";
		};
/* End PBXNativeTarget section */

/* Begin PBXProject section */
		88ED74DC272FFE6E0088E3EF /* Project object */ = {
			isa = PBXProject;
			attributes = {
				LastSwiftUpdateCheck = 1250;
				LastUpgradeCheck = 1250;
				TargetAttributes = {
					88ED74E3272FFE6E0088E3EF = {
						CreatedOnToolsVersion = 12.5;
					};
				};
			};
			buildConfigurationList = 88ED74DF272FFE6E0088E3EF /* Build configuration list for PBXProject "Superskills" */;
			compatibilityVersion = "Xcode 9.3";
			developmentRegion = en;
			hasScannedForEncodings = 0;
			knownRegions = (
				en,
				Base,
			);
			mainGroup = 88ED74DB272FFE6E0088E3EF;
			productRefGroup = 88ED74E5272FFE6E0088E3EF /* Products */;
			projectDirPath = "";
			projectRoot = "";
			targets = (
				88ED74E3272FFE6E0088E3EF /* Superskills */,
			);
		};
/* End PBXProject section */

/* Begin PBXResourcesBuildPhase section */
		88ED74E2272FFE6E0088E3EF /* Resources */ = {
			isa = PBXResourcesBuildPhase;
			buildActionMask = 2147483647;
			files = (
				88ED74EF272FFE6F0088E3EF /* Preview Assets.xcassets in Resources */,
				88ED74EC272FFE6F0088E3EF /* Assets.xcassets in Resources */,
				5C441628F7D09230EA6C210E /* PoppinsBold.ttf in Resources */,
				C6A91FE0F9F939B7E6134761 /* PoppinsRegular.ttf in Resources */,
				D7C5E1E028B76D502DA211BF /* PoppinsLight.ttf in Resources */,
			);
			runOnlyForDeploymentPostprocessing = 0;
		};
/* End PBXResourcesBuildPhase section */

/* Begin PBXSourcesBuildPhase section */
		88ED74E0272FFE6E0088E3EF /* Sources */ = {
			isa = PBXSourcesBuildPhase;
			buildActionMask = 2147483647;
			files = (
				888CB47527686A000041116C /* APIExtensions.swift in Sources */,
				8853052A27718E2D00B04E6F /* EncodableExtension.swift in Sources */,
				8853052C2771949600B04E6F /* UINavigationController.swift in Sources */,
				88ED7503272FFECA0088E3EF /* APIManager.swift in Sources */,
				7F44DBA127422A5D00171570 /* ActivityLoader.swift in Sources */,
				8853052627718DC500B04E6F /* ViewExtension.swift in Sources */,
				88ED7500272FFECA0088E3EF /* Utilities.swift in Sources */,
				88ED7504272FFECA0088E3EF /* SuperskillsApp.swift in Sources */,
				C40AB9F82754D79E006BC5D7 /* AppDelegate.swift in Sources */,
				88680D1C2775C601002E964F /* ViewportHelper.swift in Sources */,
				88ED7501272FFECA0088E3EF /* AppConstants.swift in Sources */,
				884F3E5127B0E65A00963FC4 /* RoundedCornersView.swift in Sources */,
				0F12ED140074CB07433FBD94 /* StringScheme.swift in Sources */,
				3607BF6919A7D9B6BE8C88DB /* ColorConstants.swift in Sources */,
				17E75FFC8D5050DEB93A51E2 /* FontScheme.swift in Sources */,
				329325DC7953C94221E8B85A /* SplashpageView.swift in Sources */,
				9D0CFBE7F91DFCC6ED11F221 /* LoginPageView.swift in Sources */,
				0DA28DAA602C4D844E882B69 /* MainPageView.swift in Sources */,
				73D95BA5C1F1F5EC69910EBD /* HamburgerMenuView.swift in Sources */,
				DC2961AFFA08F3F37BF63210 /* PickobjectiveView.swift in Sources */,
				4668D77B7AD5B0D0E2DE7CD8 /* StackvectorCell.swift in Sources */,
				997441E7656D3F3547810D37 /* MathView.swift in Sources */,
				26D6FD16D2D015A7DEF1852B /* Stackvector1Cell.swift in Sources */,
				D8F5AA8B1596BE837273EF44 /* MathTwoView.swift in Sources */,
				8136B6A4654F04B2ABA68989 /* Stackvector2Cell.swift in Sources */,
				115C4A7A54EA6BA237628FBF /* MathOneView.swift in Sources */,
				4EB02A84D78EC86790F3191A /* Stackvector3Cell.swift in Sources */,
				A5D1DEF735009BDD1B78CDA4 /* GoogleAuthentication.swift in Sources */,
				361E30ECB19ACB00E91F83B4 /* PickobjectiveViewModel.swift in Sources */,
				4BB6AD75C77954B56838AE2D /* MathTwoViewModel.swift in Sources */,
				2C081CA3AFB837E838913980 /* MathViewModel.swift in Sources */,
				650F3D5E2E6A3AB344152F01 /* SplashpageViewModel.swift in Sources */,
				3791DD4AE60F0DD2953A5282 /* HamburgerMenuViewModel.swift in Sources */,
				DD040B0D5D5394D0DB55046D /* LoginPageViewModel.swift in Sources */,
				5FF0989FB1EB3DB3C5F0B33B /* MainPageViewModel.swift in Sources */,
				E001CE86435CBAFA1FA8373A /* MathOneViewModel.swift in Sources */,
			);
			runOnlyForDeploymentPostprocessing = 0;
		};
/* End PBXSourcesBuildPhase section */

/* Begin XCBuildConfiguration section */
		88ED74F1272FFE6F0088E3EF /* Debug */ = {
			isa = XCBuildConfiguration;
			buildSettings = {
				ALWAYS_SEARCH_USER_PATHS = NO;
				CLANG_ANALYZER_NONNULL = YES;
				CLANG_ANALYZER_NUMBER_OBJECT_CONVERSION = YES_AGGRESSIVE;
				CLANG_CXX_LANGUAGE_STANDARD = "gnu++14";
				CLANG_CXX_LIBRARY = "libc++";
				CLANG_ENABLE_MODULES = YES;
				CLANG_ENABLE_OBJC_ARC = YES;
				CLANG_ENABLE_OBJC_WEAK = YES;
				CLANG_WARN_BLOCK_CAPTURE_AUTORELEASING = YES;
				CLANG_WARN_BOOL_CONVERSION = YES;
				CLANG_WARN_COMMA = YES;
				CLANG_WARN_CONSTANT_CONVERSION = YES;
				CLANG_WARN_DEPRECATED_OBJC_IMPLEMENTATIONS = YES;
				CLANG_WARN_DIRECT_OBJC_ISA_USAGE = YES_ERROR;
				CLANG_WARN_DOCUMENTATION_COMMENTS = YES;
				CLANG_WARN_EMPTY_BODY = YES;
				CLANG_WARN_ENUM_CONVERSION = YES;
				CLANG_WARN_INFINITE_RECURSION = YES;
				CLANG_WARN_INT_CONVERSION = YES;
				CLANG_WARN_NON_LITERAL_NULL_CONVERSION = YES;
				CLANG_WARN_OBJC_IMPLICIT_RETAIN_SELF = YES;
				CLANG_WARN_OBJC_LITERAL_CONVERSION = YES;
				CLANG_WARN_OBJC_ROOT_CLASS = YES_ERROR;
				CLANG_WARN_QUOTED_INCLUDE_IN_FRAMEWORK_HEADER = YES;
				CLANG_WARN_RANGE_LOOP_ANALYSIS = YES;
				CLANG_WARN_STRICT_PROTOTYPES = YES;
				CLANG_WARN_SUSPICIOUS_MOVE = YES;
				CLANG_WARN_UNGUARDED_AVAILABILITY = YES_AGGRESSIVE;
				CLANG_WARN_UNREACHABLE_CODE = YES;
				CLANG_WARN__DUPLICATE_METHOD_MATCH = YES;
				COPY_PHASE_STRIP = NO;
				DEBUG_INFORMATION_FORMAT = dwarf;
				ENABLE_STRICT_OBJC_MSGSEND = YES;
				ENABLE_TESTABILITY = YES;
				GCC_C_LANGUAGE_STANDARD = gnu11;
				GCC_DYNAMIC_NO_PIC = NO;
				GCC_NO_COMMON_BLOCKS = YES;
				GCC_OPTIMIZATION_LEVEL = 0;
				GCC_PREPROCESSOR_DEFINITIONS = (
					"DEBUG=1",
					"$(inherited)",
				);
				GCC_WARN_64_TO_32_BIT_CONVERSION = YES;
				GCC_WARN_ABOUT_RETURN_TYPE = YES_ERROR;
				GCC_WARN_UNDECLARED_SELECTOR = YES;
				GCC_WARN_UNINITIALIZED_AUTOS = YES_AGGRESSIVE;
				GCC_WARN_UNUSED_FUNCTION = YES;
				GCC_WARN_UNUSED_VARIABLE = YES;
				IPHONEOS_DEPLOYMENT_TARGET = 14.5;
				MTL_ENABLE_DEBUG_INFO = INCLUDE_SOURCE;
				MTL_FAST_MATH = YES;
				ONLY_ACTIVE_ARCH = YES;
				SDKROOT = iphoneos;
				SWIFT_ACTIVE_COMPILATION_CONDITIONS = DEBUG;
				SWIFT_OPTIMIZATION_LEVEL = "-Onone";
			};
			name = Debug;
		};
		88ED74F2272FFE6F0088E3EF /* Release */ = {
			isa = XCBuildConfiguration;
			buildSettings = {
				ALWAYS_SEARCH_USER_PATHS = NO;
				CLANG_ANALYZER_NONNULL = YES;
				CLANG_ANALYZER_NUMBER_OBJECT_CONVERSION = YES_AGGRESSIVE;
				CLANG_CXX_LANGUAGE_STANDARD = "gnu++14";
				CLANG_CXX_LIBRARY = "libc++";
				CLANG_ENABLE_MODULES = YES;
				CLANG_ENABLE_OBJC_ARC = YES;
				CLANG_ENABLE_OBJC_WEAK = YES;
				CLANG_WARN_BLOCK_CAPTURE_AUTORELEASING = YES;
				CLANG_WARN_BOOL_CONVERSION = YES;
				CLANG_WARN_COMMA = YES;
				CLANG_WARN_CONSTANT_CONVERSION = YES;
				CLANG_WARN_DEPRECATED_OBJC_IMPLEMENTATIONS = YES;
				CLANG_WARN_DIRECT_OBJC_ISA_USAGE = YES_ERROR;
				CLANG_WARN_DOCUMENTATION_COMMENTS = YES;
				CLANG_WARN_EMPTY_BODY = YES;
				CLANG_WARN_ENUM_CONVERSION = YES;
				CLANG_WARN_INFINITE_RECURSION = YES;
				CLANG_WARN_INT_CONVERSION = YES;
				CLANG_WARN_NON_LITERAL_NULL_CONVERSION = YES;
				CLANG_WARN_OBJC_IMPLICIT_RETAIN_SELF = YES;
				CLANG_WARN_OBJC_LITERAL_CONVERSION = YES;
				CLANG_WARN_OBJC_ROOT_CLASS = YES_ERROR;
				CLANG_WARN_QUOTED_INCLUDE_IN_FRAMEWORK_HEADER = YES;
				CLANG_WARN_RANGE_LOOP_ANALYSIS = YES;
				CLANG_WARN_STRICT_PROTOTYPES = YES;
				CLANG_WARN_SUSPICIOUS_MOVE = YES;
				CLANG_WARN_UNGUARDED_AVAILABILITY = YES_AGGRESSIVE;
				CLANG_WARN_UNREACHABLE_CODE = YES;
				CLANG_WARN__DUPLICATE_METHOD_MATCH = YES;
				COPY_PHASE_STRIP = NO;
				DEBUG_INFORMATION_FORMAT = "dwarf-with-dsym";
				ENABLE_NS_ASSERTIONS = NO;
				ENABLE_STRICT_OBJC_MSGSEND = YES;
				GCC_C_LANGUAGE_STANDARD = gnu11;
				GCC_NO_COMMON_BLOCKS = YES;
				GCC_WARN_64_TO_32_BIT_CONVERSION = YES;
				GCC_WARN_ABOUT_RETURN_TYPE = YES_ERROR;
				GCC_WARN_UNDECLARED_SELECTOR = YES;
				GCC_WARN_UNINITIALIZED_AUTOS = YES_AGGRESSIVE;
				GCC_WARN_UNUSED_FUNCTION = YES;
				GCC_WARN_UNUSED_VARIABLE = YES;
				IPHONEOS_DEPLOYMENT_TARGET = 14.5;
				MTL_ENABLE_DEBUG_INFO = NO;
				MTL_FAST_MATH = YES;
				SDKROOT = iphoneos;
				SWIFT_COMPILATION_MODE = wholemodule;
				SWIFT_OPTIMIZATION_LEVEL = "-O";
				VALIDATE_PRODUCT = YES;
			};
			name = Release;
		};
		88ED74F4272FFE6F0088E3EF /* Debug */ = {
			isa = XCBuildConfiguration;
			buildSettings = {
				ASSETCATALOG_COMPILER_APPICON_NAME = AppIcon;
				ASSETCATALOG_COMPILER_GLOBAL_ACCENT_COLOR_NAME = AccentColor;
				CODE_SIGN_STYLE = Automatic;
				DEVELOPMENT_ASSET_PATHS = "\"Superskills/Preview Content\"";
				DEVELOPMENT_TEAM = "";
				ENABLE_PREVIEWS = YES;
				INFOPLIST_FILE = Superskills/Info.plist;
				IPHONEOS_DEPLOYMENT_TARGET = 14.0;
				LD_RUNPATH_SEARCH_PATHS = (
					"$(inherited)",
					"@executable_path/Frameworks",
				);
				PRODUCT_BUNDLE_IDENTIFIER = com.superskills.app;
				PRODUCT_NAME = "$(TARGET_NAME)";
				SWIFT_VERSION = 5.0;
				TARGETED_DEVICE_FAMILY = "1,2";
			};
			name = Debug;
		};
		88ED74F5272FFE6F0088E3EF /* Release */ = {
			isa = XCBuildConfiguration;
			buildSettings = {
				ASSETCATALOG_COMPILER_APPICON_NAME = AppIcon;
				ASSETCATALOG_COMPILER_GLOBAL_ACCENT_COLOR_NAME = AccentColor;
				CODE_SIGN_STYLE = Automatic;
				DEVELOPMENT_ASSET_PATHS = "\"Superskills/Preview Content\"";
				DEVELOPMENT_TEAM = "";
				ENABLE_PREVIEWS = YES;
				INFOPLIST_FILE = Superskills/Info.plist;
				IPHONEOS_DEPLOYMENT_TARGET = 14.0;
				LD_RUNPATH_SEARCH_PATHS = (
					"$(inherited)",
					"@executable_path/Frameworks",
				);
				PRODUCT_BUNDLE_IDENTIFIER = com.superskills.app;
				PRODUCT_NAME = "$(TARGET_NAME)";
				SWIFT_VERSION = 5.0;
				TARGETED_DEVICE_FAMILY = "1,2";
			};
			name = Release;
		};
/* End XCBuildConfiguration section */

/* Begin XCConfigurationList section */
		88ED74DF272FFE6E0088E3EF /* Build configuration list for PBXProject "Superskills" */ = {
			isa = XCConfigurationList;
			buildConfigurations = (
				88ED74F1272FFE6F0088E3EF /* Debug */,
				88ED74F2272FFE6F0088E3EF /* Release */,
			);
			defaultConfigurationIsVisible = 0;
			defaultConfigurationName = Release;
		};
		88ED74F3272FFE6F0088E3EF /* Build configuration list for PBXNativeTarget "Superskills" */ = {
			isa = XCConfigurationList;
			buildConfigurations = (
				88ED74F4272FFE6F0088E3EF /* Debug */,
				88ED74F5272FFE6F0088E3EF /* Release */,
			);
			defaultConfigurationIsVisible = 0;
			defaultConfigurationName = Release;
		};
/* End XCConfigurationList section */
	};
	rootObject = 88ED74DC272FFE6E0088E3EF /* Project object */;
}
